
Microsoft Visual Studio Solution File, Format Version 12.00
# Visual Studio Version 17
VisualStudioVersion = 17.7.34031.279
MinimumVisualStudioVersion = 10.0.40219.1
Project("{9A19103F-16F7-4668-BE54-9A1E7A4F7556}") = "01.Train", "01.Train\01.Train.csproj", "{99C70503-29FD-4B2A-9ACD-F9D433FB3EF9}"
EndProject
Project("{9A19103F-16F7-4668-BE54-9A1E7A4F7556}") = "02.ChangeList", "02.ChangeList\02.ChangeList.csproj", "{364C7C4F-F8D8-44DB-9D2C-4F41C33F4FE6}"
EndProject
Project("{9A19103F-16F7-4668-BE54-9A1E7A4F7556}") = "03.HouseParty", "03.HouseParty\03.HouseParty.csproj", "{52965044-87E0-4AF8-8E33-93991635226F}"
EndProject
Project("{9A19103F-16F7-4668-BE54-9A1E7A4F7556}") = "04.ListOperations", "04.ListOperations\04.ListOperations.csproj", "{556C76E5-567A-437D-B723-CA425DF52AF1}"
EndProject
Project("{9A19103F-16F7-4668-BE54-9A1E7A4F7556}") = "05.BombNumbers", "05.BombNumbers\05.BombNumbers.csproj", "{FA043C68-19B0-4360-AFB3-B3753DBFB77E}"
EndProject
Project("{9A19103F-16F7-4668-BE54-9A1E7A4F7556}") = "06.CardsGame", "06.CardsGame\06.CardsGame.csproj", "{AF13F7D7-5347-479C-814F-A7F13F620980}"
EndProject
Project("{9A19103F-16F7-4668-BE54-9A1E7A4F7556}") = "07.AppendArrays", "07.AppendArrays\07.AppendArrays.csproj", "{E62D1F32-1DC4-48A0-9898-FBD943E6B42C}"
EndProject
Global
	GlobalSection(SolutionConfigurationPlatforms) = preSolution
		Debug|Any CPU = Debug|Any CPU
		Release|Any CPU = Release|Any CPU
	EndGlobalSection
	GlobalSection(ProjectConfigurationPlatforms) = postSolution
		{99C70503-29FD-4B2A-9ACD-F9D433FB3EF9}.Debug|Any CPU.ActiveCfg = Debug|Any CPU
		{99C70503-29FD-4B2A-9ACD-F9D433FB3EF9}.Debug|Any CPU.Build.0 = Debug|Any CPU
		{99C70503-29FD-4B2A-9ACD-F9D433FB3EF9}.Release|Any CPU.ActiveCfg = Release|Any CPU
		{99C70503-29FD-4B2A-9ACD-F9D433FB3EF9}.Release|Any CPU.Build.0 = Release|Any CPU
		{364C7C4F-F8D8-44DB-9D2C-4F41C33F4FE6}.Debug|Any CPU.ActiveCfg = Debug|Any CPU
		{364C7C4F-F8D8-44DB-9D2C-4F41C33F4FE6}.Debug|Any CPU.Build.0 = Debug|Any CPU
		{364C7C4F-F8D8-44DB-9D2C-4F41C33F4FE6}.Release|Any CPU.ActiveCfg = Release|Any CPU
		{364C7C4F-F8D8-44DB-9D2C-4F41C33F4FE6}.Release|Any CPU.Build.0 = Release|Any CPU
		{52965044-87E0-4AF8-8E33-93991635226F}.Debug|Any CPU.ActiveCfg = Debug|Any CPU
		{52965044-87E0-4AF8-8E33-93991635226F}.Debug|Any CPU.Build.0 = Debug|Any CPU
		{52965044-87E0-4AF8-8E33-93991635226F}.Release|Any CPU.ActiveCfg = Release|Any CPU
		{52965044-87E0-4AF8-8E33-93991635226F}.Release|Any CPU.Build.0 = Release|Any CPU
		{556C76E5-567A-437D-B723-CA425DF52AF1}.Debug|Any CPU.ActiveCfg = Debug|Any CPU
		{556C76E5-567A-437D-B723-CA425DF52AF1}.Debug|Any CPU.Build.0 = Debug|Any CPU
		{556C76E5-567A-437D-B723-CA425DF52AF1}.Release|Any CPU.ActiveCfg = Release|Any CPU
		{556C76E5-567A-437D-B723-CA425DF52AF1}.Release|Any CPU.Build.0 = Release|Any CPU
		{FA043C68-19B0-4360-AFB3-B3753DBFB77E}.Debug|Any CPU.ActiveCfg = Debug|Any CPU
		{FA043C68-19B0-4360-AFB3-B3753DBFB77E}.Debug|Any CPU.Build.0 = Debug|Any CPU
		{FA043C68-19B0-4360-AFB3-B3753DBFB77E}.Release|Any CPU.ActiveCfg = Release|Any CPU
		{FA043C68-19B0-4360-AFB3-B3753DBFB77E}.Release|Any CPU.Build.0 = Release|Any CPU
		{AF13F7D7-5347-479C-814F-A7F13F620980}.Debug|Any CPU.ActiveCfg = Debug|Any CPU
		{AF13F7D7-5347-479C-814F-A7F13F620980}.Debug|Any CPU.Build.0 = Debug|Any CPU
		{AF13F7D7-5347-479C-814F-A7F13F620980}.Release|Any CPU.ActiveCfg = Release|Any CPU
		{AF13F7D7-5347-479C-814F-A7F13F620980}.Release|Any CPU.Build.0 = Release|Any CPU
		{E62D1F32-1DC4-48A0-9898-FBD943E6B42C}.Debug|Any CPU.ActiveCfg = Debug|Any CPU
		{E62D1F32-1DC4-48A0-9898-FBD943E6B42C}.Debug|Any CPU.Build.0 = Debug|Any CPU
		{E62D1F32-1DC4-48A0-9898-FBD943E6B42C}.Release|Any CPU.ActiveCfg = Release|Any CPU
		{E62D1F32-1DC4-48A0-9898-FBD943E6B42C}.Release|Any CPU.Build.0 = Release|Any CPU
	EndGlobalSection
	GlobalSection(SolutionProperties) = preSolution
		HideSolutionNode = FALSE
	EndGlobalSection
	GlobalSection(ExtensibilityGlobals) = postSolution
		SolutionGuid = {ED1DBF56-C1EC-4D1A-8331-DF11A41936FB}
	EndGlobalSection
EndGlobal
