
Microsoft Visual Studio Solution File, Format Version 12.00
# Visual Studio Version 17
VisualStudioVersion = 17.8.34408.163
MinimumVisualStudioVersion = 10.0.40219.1
Project("{FAE04EC0-301F-11D3-BF4B-00C04F79EFBC}") = "01.SumMatrixElements", "01.SumMatrixElements\01.SumMatrixElements.csproj", "{A90B579D-A286-4055-90BC-86878F5BF104}"
EndProject
Project("{FAE04EC0-301F-11D3-BF4B-00C04F79EFBC}") = "02.SumMatrixColumns", "02.SumMatrixColumns\02.SumMatrixColumns.csproj", "{6FA34F51-02C3-4C36-AB0E-D01C188D8B5F}"
EndProject
Project("{FAE04EC0-301F-11D3-BF4B-00C04F79EFBC}") = "03.PrimaryDiagonal", "03.PrimaryDiagonal\03.PrimaryDiagonal.csproj", "{F29A8528-1781-4623-A60D-79E276A283E4}"
EndProject
Project("{FAE04EC0-301F-11D3-BF4B-00C04F79EFBC}") = "04.SymbolInMatrix", "04.SymbolInMatrix\04.SymbolInMatrix.csproj", "{305A1C62-3AF8-4F9C-B5A6-DC04E4873B01}"
EndProject
Global
	GlobalSection(SolutionConfigurationPlatforms) = preSolution
		Debug|Any CPU = Debug|Any CPU
		Release|Any CPU = Release|Any CPU
	EndGlobalSection
	GlobalSection(ProjectConfigurationPlatforms) = postSolution
		{A90B579D-A286-4055-90BC-86878F5BF104}.Debug|Any CPU.ActiveCfg = Debug|Any CPU
		{A90B579D-A286-4055-90BC-86878F5BF104}.Debug|Any CPU.Build.0 = Debug|Any CPU
		{A90B579D-A286-4055-90BC-86878F5BF104}.Release|Any CPU.ActiveCfg = Release|Any CPU
		{A90B579D-A286-4055-90BC-86878F5BF104}.Release|Any CPU.Build.0 = Release|Any CPU
		{6FA34F51-02C3-4C36-AB0E-D01C188D8B5F}.Debug|Any CPU.ActiveCfg = Debug|Any CPU
		{6FA34F51-02C3-4C36-AB0E-D01C188D8B5F}.Debug|Any CPU.Build.0 = Debug|Any CPU
		{6FA34F51-02C3-4C36-AB0E-D01C188D8B5F}.Release|Any CPU.ActiveCfg = Release|Any CPU
		{6FA34F51-02C3-4C36-AB0E-D01C188D8B5F}.Release|Any CPU.Build.0 = Release|Any CPU
		{F29A8528-1781-4623-A60D-79E276A283E4}.Debug|Any CPU.ActiveCfg = Debug|Any CPU
		{F29A8528-1781-4623-A60D-79E276A283E4}.Debug|Any CPU.Build.0 = Debug|Any CPU
		{F29A8528-1781-4623-A60D-79E276A283E4}.Release|Any CPU.ActiveCfg = Release|Any CPU
		{F29A8528-1781-4623-A60D-79E276A283E4}.Release|Any CPU.Build.0 = Release|Any CPU
		{305A1C62-3AF8-4F9C-B5A6-DC04E4873B01}.Debug|Any CPU.ActiveCfg = Debug|Any CPU
		{305A1C62-3AF8-4F9C-B5A6-DC04E4873B01}.Debug|Any CPU.Build.0 = Debug|Any CPU
		{305A1C62-3AF8-4F9C-B5A6-DC04E4873B01}.Release|Any CPU.ActiveCfg = Release|Any CPU
		{305A1C62-3AF8-4F9C-B5A6-DC04E4873B01}.Release|Any CPU.Build.0 = Release|Any CPU
	EndGlobalSection
	GlobalSection(SolutionProperties) = preSolution
		HideSolutionNode = FALSE
	EndGlobalSection
	GlobalSection(ExtensibilityGlobals) = postSolution
		SolutionGuid = {1E9A6BFE-F8F7-4297-ACB5-E088DE5437C7}
	EndGlobalSection
EndGlobal
