
Microsoft Visual Studio Solution File, Format Version 12.00
# Visual Studio Version 17
VisualStudioVersion = 17.8.34525.116
MinimumVisualStudioVersion = 10.0.40219.1
Project("{FAE04EC0-301F-11D3-BF4B-00C04F79EFBC}") = "01.ActionPrint", "01.ActionPrint\01.ActionPrint.csproj", "{CDF1E503-09C6-4FA5-9F86-B2EFC904A44A}"
EndProject
Global
	GlobalSection(SolutionConfigurationPlatforms) = preSolution
		Debug|Any CPU = Debug|Any CPU
		Release|Any CPU = Release|Any CPU
	EndGlobalSection
	GlobalSection(ProjectConfigurationPlatforms) = postSolution
		{CDF1E503-09C6-4FA5-9F86-B2EFC904A44A}.Debug|Any CPU.ActiveCfg = Debug|Any CPU
		{CDF1E503-09C6-4FA5-9F86-B2EFC904A44A}.Debug|Any CPU.Build.0 = Debug|Any CPU
		{CDF1E503-09C6-4FA5-9F86-B2EFC904A44A}.Release|Any CPU.ActiveCfg = Release|Any CPU
		{CDF1E503-09C6-4FA5-9F86-B2EFC904A44A}.Release|Any CPU.Build.0 = Release|Any CPU
	EndGlobalSection
	GlobalSection(SolutionProperties) = preSolution
		HideSolutionNode = FALSE
	EndGlobalSection
	GlobalSection(ExtensibilityGlobals) = postSolution
		SolutionGuid = {759AFEB5-EADC-4E46-8656-930D7736D45D}
	EndGlobalSection
EndGlobal
