
Microsoft Visual Studio Solution File, Format Version 12.00
# Visual Studio Version 17
VisualStudioVersion = 17.8.34322.80
MinimumVisualStudioVersion = 10.0.40219.1
Project("{FAE04EC0-301F-11D3-BF4B-00C04F79EFBC}") = "01.SecretChat", "01.SecretChat\01.SecretChat.csproj", "{EB367EED-94FA-473F-B828-9367B7DB1A47}"
EndProject
Global
	GlobalSection(SolutionConfigurationPlatforms) = preSolution
		Debug|Any CPU = Debug|Any CPU
		Release|Any CPU = Release|Any CPU
	EndGlobalSection
	GlobalSection(ProjectConfigurationPlatforms) = postSolution
		{EB367EED-94FA-473F-B828-9367B7DB1A47}.Debug|Any CPU.ActiveCfg = Debug|Any CPU
		{EB367EED-94FA-473F-B828-9367B7DB1A47}.Debug|Any CPU.Build.0 = Debug|Any CPU
		{EB367EED-94FA-473F-B828-9367B7DB1A47}.Release|Any CPU.ActiveCfg = Release|Any CPU
		{EB367EED-94FA-473F-B828-9367B7DB1A47}.Release|Any CPU.Build.0 = Release|Any CPU
	EndGlobalSection
	GlobalSection(SolutionProperties) = preSolution
		HideSolutionNode = FALSE
	EndGlobalSection
	GlobalSection(ExtensibilityGlobals) = postSolution
		SolutionGuid = {23643779-505D-439C-9943-FE5094180252}
	EndGlobalSection
EndGlobal
