
Microsoft Visual Studio Solution File, Format Version 12.00
# Visual Studio Version 17
VisualStudioVersion = 17.8.34408.163
MinimumVisualStudioVersion = 10.0.40219.1
Project("{FAE04EC0-301F-11D3-BF4B-00C04F79EFBC}") = "01.BasicStackOperations", "01.BasicStackOperations\01.BasicStackOperations.csproj", "{0BA8559D-025A-46AD-BE07-1F00FDF8E7C5}"
EndProject
Project("{FAE04EC0-301F-11D3-BF4B-00C04F79EFBC}") = "02.BasicQueueOperations", "02.BasicQueueOperations\02.BasicQueueOperations.csproj", "{9D172CAE-0EFB-4368-BE54-5DF1F75EF36A}"
EndProject
Project("{FAE04EC0-301F-11D3-BF4B-00C04F79EFBC}") = "03.MaximumAndMinimumElement", "03.MaximumAndMinimumElement\03.MaximumAndMinimumElement.csproj", "{CC1587EF-331F-4B0F-9623-CA8AF6554016}"
EndProject
Project("{FAE04EC0-301F-11D3-BF4B-00C04F79EFBC}") = "04.FastFood", "04.FastFood\04.FastFood.csproj", "{EF891121-DB8D-4BCA-9362-01F349C6B126}"
EndProject
Project("{FAE04EC0-301F-11D3-BF4B-00C04F79EFBC}") = "05.FashionBoutique", "05.FashionBoutique\05.FashionBoutique.csproj", "{803C6017-8179-42D4-B200-5C9EA78E46A5}"
EndProject
Project("{FAE04EC0-301F-11D3-BF4B-00C04F79EFBC}") = "06.SongsQueue", "06.SongsQueue\06.SongsQueue.csproj", "{A0F7CD6B-736B-4628-A2FC-6E1AEA1D38DA}"
EndProject
Project("{FAE04EC0-301F-11D3-BF4B-00C04F79EFBC}") = "07.TruckTour", "07.TruckTour\07.TruckTour.csproj", "{5AE10E3B-77EA-406E-B14C-6507F9762CC3}"
EndProject
Project("{FAE04EC0-301F-11D3-BF4B-00C04F79EFBC}") = "08.BalancedParenthesis", "08.BalancedParenthesis\08.BalancedParenthesis.csproj", "{8B795E64-5C86-4DC8-B791-D6F29C4A1AE4}"
EndProject
Global
	GlobalSection(SolutionConfigurationPlatforms) = preSolution
		Debug|Any CPU = Debug|Any CPU
		Release|Any CPU = Release|Any CPU
	EndGlobalSection
	GlobalSection(ProjectConfigurationPlatforms) = postSolution
		{0BA8559D-025A-46AD-BE07-1F00FDF8E7C5}.Debug|Any CPU.ActiveCfg = Debug|Any CPU
		{0BA8559D-025A-46AD-BE07-1F00FDF8E7C5}.Debug|Any CPU.Build.0 = Debug|Any CPU
		{0BA8559D-025A-46AD-BE07-1F00FDF8E7C5}.Release|Any CPU.ActiveCfg = Release|Any CPU
		{0BA8559D-025A-46AD-BE07-1F00FDF8E7C5}.Release|Any CPU.Build.0 = Release|Any CPU
		{9D172CAE-0EFB-4368-BE54-5DF1F75EF36A}.Debug|Any CPU.ActiveCfg = Debug|Any CPU
		{9D172CAE-0EFB-4368-BE54-5DF1F75EF36A}.Debug|Any CPU.Build.0 = Debug|Any CPU
		{9D172CAE-0EFB-4368-BE54-5DF1F75EF36A}.Release|Any CPU.ActiveCfg = Release|Any CPU
		{9D172CAE-0EFB-4368-BE54-5DF1F75EF36A}.Release|Any CPU.Build.0 = Release|Any CPU
		{CC1587EF-331F-4B0F-9623-CA8AF6554016}.Debug|Any CPU.ActiveCfg = Debug|Any CPU
		{CC1587EF-331F-4B0F-9623-CA8AF6554016}.Debug|Any CPU.Build.0 = Debug|Any CPU
		{CC1587EF-331F-4B0F-9623-CA8AF6554016}.Release|Any CPU.ActiveCfg = Release|Any CPU
		{CC1587EF-331F-4B0F-9623-CA8AF6554016}.Release|Any CPU.Build.0 = Release|Any CPU
		{EF891121-DB8D-4BCA-9362-01F349C6B126}.Debug|Any CPU.ActiveCfg = Debug|Any CPU
		{EF891121-DB8D-4BCA-9362-01F349C6B126}.Debug|Any CPU.Build.0 = Debug|Any CPU
		{EF891121-DB8D-4BCA-9362-01F349C6B126}.Release|Any CPU.ActiveCfg = Release|Any CPU
		{EF891121-DB8D-4BCA-9362-01F349C6B126}.Release|Any CPU.Build.0 = Release|Any CPU
		{803C6017-8179-42D4-B200-5C9EA78E46A5}.Debug|Any CPU.ActiveCfg = Debug|Any CPU
		{803C6017-8179-42D4-B200-5C9EA78E46A5}.Debug|Any CPU.Build.0 = Debug|Any CPU
		{803C6017-8179-42D4-B200-5C9EA78E46A5}.Release|Any CPU.ActiveCfg = Release|Any CPU
		{803C6017-8179-42D4-B200-5C9EA78E46A5}.Release|Any CPU.Build.0 = Release|Any CPU
		{A0F7CD6B-736B-4628-A2FC-6E1AEA1D38DA}.Debug|Any CPU.ActiveCfg = Debug|Any CPU
		{A0F7CD6B-736B-4628-A2FC-6E1AEA1D38DA}.Debug|Any CPU.Build.0 = Debug|Any CPU
		{A0F7CD6B-736B-4628-A2FC-6E1AEA1D38DA}.Release|Any CPU.ActiveCfg = Release|Any CPU
		{A0F7CD6B-736B-4628-A2FC-6E1AEA1D38DA}.Release|Any CPU.Build.0 = Release|Any CPU
		{5AE10E3B-77EA-406E-B14C-6507F9762CC3}.Debug|Any CPU.ActiveCfg = Debug|Any CPU
		{5AE10E3B-77EA-406E-B14C-6507F9762CC3}.Debug|Any CPU.Build.0 = Debug|Any CPU
		{5AE10E3B-77EA-406E-B14C-6507F9762CC3}.Release|Any CPU.ActiveCfg = Release|Any CPU
		{5AE10E3B-77EA-406E-B14C-6507F9762CC3}.Release|Any CPU.Build.0 = Release|Any CPU
		{8B795E64-5C86-4DC8-B791-D6F29C4A1AE4}.Debug|Any CPU.ActiveCfg = Debug|Any CPU
		{8B795E64-5C86-4DC8-B791-D6F29C4A1AE4}.Debug|Any CPU.Build.0 = Debug|Any CPU
		{8B795E64-5C86-4DC8-B791-D6F29C4A1AE4}.Release|Any CPU.ActiveCfg = Release|Any CPU
		{8B795E64-5C86-4DC8-B791-D6F29C4A1AE4}.Release|Any CPU.Build.0 = Release|Any CPU
	EndGlobalSection
	GlobalSection(SolutionProperties) = preSolution
		HideSolutionNode = FALSE
	EndGlobalSection
	GlobalSection(ExtensibilityGlobals) = postSolution
		SolutionGuid = {3A45D125-413E-4EA4-9F4A-E5674C30161B}
	EndGlobalSection
EndGlobal
