
Microsoft Visual Studio Solution File, Format Version 12.00
# Visual Studio Version 17
VisualStudioVersion = 17.8.34601.278
MinimumVisualStudioVersion = 10.0.40219.1
Project("{FAE04EC0-301F-11D3-BF4B-00C04F79EFBC}") = "01.DefineAnInterfaceIPerson", "01.DefineAnInterfaceIPerson\01.DefineAnInterfaceIPerson.csproj", "{8005C533-D07E-4CE0-8AA4-37E3A6702305}"
EndProject
Project("{FAE04EC0-301F-11D3-BF4B-00C04F79EFBC}") = "02.MultipleImplementation", "02.MultipleImplementation\02.MultipleImplementation.csproj", "{66717678-C089-4488-B6ED-855D7FC86437}"
EndProject
Project("{FAE04EC0-301F-11D3-BF4B-00C04F79EFBC}") = "03.Telephony", "03.Telephony\03.Telephony.csproj", "{6B18A89A-CC7B-45E3-8105-6C9D44F5DD16}"
EndProject
Project("{FAE04EC0-301F-11D3-BF4B-00C04F79EFBC}") = "04.BorderControl", "04.BorderControl\04.BorderControl.csproj", "{C80833BF-DFD7-41F8-93D1-8F1652380560}"
EndProject
Project("{FAE04EC0-301F-11D3-BF4B-00C04F79EFBC}") = "05.BirthdayCelebrations", "05.BirthdayCelebrations\05.BirthdayCelebrations.csproj", "{B5595D20-8F5F-4919-BD5C-05EFB147FC44}"
EndProject
Project("{FAE04EC0-301F-11D3-BF4B-00C04F79EFBC}") = "06.FoodShortage", "06.FoodShortage\06.FoodShortage.csproj", "{C255DA48-5B60-415A-A157-09628F04060B}"
EndProject
Global
	GlobalSection(SolutionConfigurationPlatforms) = preSolution
		Debug|Any CPU = Debug|Any CPU
		Release|Any CPU = Release|Any CPU
	EndGlobalSection
	GlobalSection(ProjectConfigurationPlatforms) = postSolution
		{8005C533-D07E-4CE0-8AA4-37E3A6702305}.Debug|Any CPU.ActiveCfg = Debug|Any CPU
		{8005C533-D07E-4CE0-8AA4-37E3A6702305}.Debug|Any CPU.Build.0 = Debug|Any CPU
		{8005C533-D07E-4CE0-8AA4-37E3A6702305}.Release|Any CPU.ActiveCfg = Release|Any CPU
		{8005C533-D07E-4CE0-8AA4-37E3A6702305}.Release|Any CPU.Build.0 = Release|Any CPU
		{66717678-C089-4488-B6ED-855D7FC86437}.Debug|Any CPU.ActiveCfg = Debug|Any CPU
		{66717678-C089-4488-B6ED-855D7FC86437}.Debug|Any CPU.Build.0 = Debug|Any CPU
		{66717678-C089-4488-B6ED-855D7FC86437}.Release|Any CPU.ActiveCfg = Release|Any CPU
		{66717678-C089-4488-B6ED-855D7FC86437}.Release|Any CPU.Build.0 = Release|Any CPU
		{6B18A89A-CC7B-45E3-8105-6C9D44F5DD16}.Debug|Any CPU.ActiveCfg = Debug|Any CPU
		{6B18A89A-CC7B-45E3-8105-6C9D44F5DD16}.Debug|Any CPU.Build.0 = Debug|Any CPU
		{6B18A89A-CC7B-45E3-8105-6C9D44F5DD16}.Release|Any CPU.ActiveCfg = Release|Any CPU
		{6B18A89A-CC7B-45E3-8105-6C9D44F5DD16}.Release|Any CPU.Build.0 = Release|Any CPU
		{C80833BF-DFD7-41F8-93D1-8F1652380560}.Debug|Any CPU.ActiveCfg = Debug|Any CPU
		{C80833BF-DFD7-41F8-93D1-8F1652380560}.Debug|Any CPU.Build.0 = Debug|Any CPU
		{C80833BF-DFD7-41F8-93D1-8F1652380560}.Release|Any CPU.ActiveCfg = Release|Any CPU
		{C80833BF-DFD7-41F8-93D1-8F1652380560}.Release|Any CPU.Build.0 = Release|Any CPU
		{B5595D20-8F5F-4919-BD5C-05EFB147FC44}.Debug|Any CPU.ActiveCfg = Debug|Any CPU
		{B5595D20-8F5F-4919-BD5C-05EFB147FC44}.Debug|Any CPU.Build.0 = Debug|Any CPU
		{B5595D20-8F5F-4919-BD5C-05EFB147FC44}.Release|Any CPU.ActiveCfg = Release|Any CPU
		{B5595D20-8F5F-4919-BD5C-05EFB147FC44}.Release|Any CPU.Build.0 = Release|Any CPU
		{C255DA48-5B60-415A-A157-09628F04060B}.Debug|Any CPU.ActiveCfg = Debug|Any CPU
		{C255DA48-5B60-415A-A157-09628F04060B}.Debug|Any CPU.Build.0 = Debug|Any CPU
		{C255DA48-5B60-415A-A157-09628F04060B}.Release|Any CPU.ActiveCfg = Release|Any CPU
		{C255DA48-5B60-415A-A157-09628F04060B}.Release|Any CPU.Build.0 = Release|Any CPU
	EndGlobalSection
	GlobalSection(SolutionProperties) = preSolution
		HideSolutionNode = FALSE
	EndGlobalSection
	GlobalSection(ExtensibilityGlobals) = postSolution
		SolutionGuid = {1F6B064D-AECC-4232-821B-C05E915EF7C0}
	EndGlobalSection
EndGlobal
