
Microsoft Visual Studio Solution File, Format Version 12.00
# Visual Studio Version 17
VisualStudioVersion = 17.8.34525.116
MinimumVisualStudioVersion = 10.0.40219.1
Project("{FAE04EC0-301F-11D3-BF4B-00C04F79EFBC}") = "BoxOfT", "01.Box\BoxOfT.csproj", "{2FD3B270-F32A-4553-9B7D-7F31FA598CA6}"
EndProject
Project("{FAE04EC0-301F-11D3-BF4B-00C04F79EFBC}") = "GenericArrayCreator", "02.ArrayCreator\GenericArrayCreator.csproj", "{B52C8B4B-A09A-4DC5-B008-70FF79A8637D}"
EndProject
Project("{FAE04EC0-301F-11D3-BF4B-00C04F79EFBC}") = "GenericScale", "03.GenericScale\GenericScale.csproj", "{D3CDF5BF-ABBC-4D51-A6E1-767C5C2DF3D9}"
EndProject
Global
	GlobalSection(SolutionConfigurationPlatforms) = preSolution
		Debug|Any CPU = Debug|Any CPU
		Release|Any CPU = Release|Any CPU
	EndGlobalSection
	GlobalSection(ProjectConfigurationPlatforms) = postSolution
		{2FD3B270-F32A-4553-9B7D-7F31FA598CA6}.Debug|Any CPU.ActiveCfg = Debug|Any CPU
		{2FD3B270-F32A-4553-9B7D-7F31FA598CA6}.Debug|Any CPU.Build.0 = Debug|Any CPU
		{2FD3B270-F32A-4553-9B7D-7F31FA598CA6}.Release|Any CPU.ActiveCfg = Release|Any CPU
		{2FD3B270-F32A-4553-9B7D-7F31FA598CA6}.Release|Any CPU.Build.0 = Release|Any CPU
		{B52C8B4B-A09A-4DC5-B008-70FF79A8637D}.Debug|Any CPU.ActiveCfg = Debug|Any CPU
		{B52C8B4B-A09A-4DC5-B008-70FF79A8637D}.Debug|Any CPU.Build.0 = Debug|Any CPU
		{B52C8B4B-A09A-4DC5-B008-70FF79A8637D}.Release|Any CPU.ActiveCfg = Release|Any CPU
		{B52C8B4B-A09A-4DC5-B008-70FF79A8637D}.Release|Any CPU.Build.0 = Release|Any CPU
		{D3CDF5BF-ABBC-4D51-A6E1-767C5C2DF3D9}.Debug|Any CPU.ActiveCfg = Debug|Any CPU
		{D3CDF5BF-ABBC-4D51-A6E1-767C5C2DF3D9}.Debug|Any CPU.Build.0 = Debug|Any CPU
		{D3CDF5BF-ABBC-4D51-A6E1-767C5C2DF3D9}.Release|Any CPU.ActiveCfg = Release|Any CPU
		{D3CDF5BF-ABBC-4D51-A6E1-767C5C2DF3D9}.Release|Any CPU.Build.0 = Release|Any CPU
	EndGlobalSection
	GlobalSection(SolutionProperties) = preSolution
		HideSolutionNode = FALSE
	EndGlobalSection
	GlobalSection(ExtensibilityGlobals) = postSolution
		SolutionGuid = {54775E0E-F46A-4701-83F7-0410A228BB73}
	EndGlobalSection
EndGlobal
