
Microsoft Visual Studio Solution File, Format Version 12.00
# Visual Studio Version 17
VisualStudioVersion = 17.8.34601.278
MinimumVisualStudioVersion = 10.0.40219.1
Project("{9A19103F-16F7-4668-BE54-9A1E7A4F7556}") = "01.Person", "01.Person\01.Person.csproj", "{80DD9991-9AAF-4E85-A29D-AA73EB611367}"
EndProject
Project("{9A19103F-16F7-4668-BE54-9A1E7A4F7556}") = "02.Zoo", "02.Zoo\02.Zoo.csproj", "{06E6E207-8072-4A5C-B10A-6B5DD55FD407}"
EndProject
Project("{FAE04EC0-301F-11D3-BF4B-00C04F79EFBC}") = "03.PlayersAndMonsters", "03.PlayersAndMonsters\03.PlayersAndMonsters.csproj", "{2711445A-CE2E-4006-90E5-5312DC598ED6}"
EndProject
Project("{FAE04EC0-301F-11D3-BF4B-00C04F79EFBC}") = "04.NeedForSpeed", "04.NeedForSpeed\04.NeedForSpeed.csproj", "{4274C69A-BEAF-4B2E-ACAA-1F58447B7783}"
EndProject
Project("{FAE04EC0-301F-11D3-BF4B-00C04F79EFBC}") = "06.Animals", "06.Animals\06.Animals.csproj", "{18875B54-D606-48B2-AB7E-4C719776B41D}"
EndProject
Project("{FAE04EC0-301F-11D3-BF4B-00C04F79EFBC}") = "05.Restaurant", "05.Restaurant\05.Restaurant.csproj", "{E88B9166-4C17-462D-B6DD-F0ED2412FF5C}"
EndProject
Global
	GlobalSection(SolutionConfigurationPlatforms) = preSolution
		Debug|Any CPU = Debug|Any CPU
		Release|Any CPU = Release|Any CPU
	EndGlobalSection
	GlobalSection(ProjectConfigurationPlatforms) = postSolution
		{80DD9991-9AAF-4E85-A29D-AA73EB611367}.Debug|Any CPU.ActiveCfg = Debug|Any CPU
		{80DD9991-9AAF-4E85-A29D-AA73EB611367}.Debug|Any CPU.Build.0 = Debug|Any CPU
		{80DD9991-9AAF-4E85-A29D-AA73EB611367}.Release|Any CPU.ActiveCfg = Release|Any CPU
		{80DD9991-9AAF-4E85-A29D-AA73EB611367}.Release|Any CPU.Build.0 = Release|Any CPU
		{06E6E207-8072-4A5C-B10A-6B5DD55FD407}.Debug|Any CPU.ActiveCfg = Debug|Any CPU
		{06E6E207-8072-4A5C-B10A-6B5DD55FD407}.Debug|Any CPU.Build.0 = Debug|Any CPU
		{06E6E207-8072-4A5C-B10A-6B5DD55FD407}.Release|Any CPU.ActiveCfg = Release|Any CPU
		{06E6E207-8072-4A5C-B10A-6B5DD55FD407}.Release|Any CPU.Build.0 = Release|Any CPU
		{2711445A-CE2E-4006-90E5-5312DC598ED6}.Debug|Any CPU.ActiveCfg = Debug|Any CPU
		{2711445A-CE2E-4006-90E5-5312DC598ED6}.Debug|Any CPU.Build.0 = Debug|Any CPU
		{2711445A-CE2E-4006-90E5-5312DC598ED6}.Release|Any CPU.ActiveCfg = Release|Any CPU
		{2711445A-CE2E-4006-90E5-5312DC598ED6}.Release|Any CPU.Build.0 = Release|Any CPU
		{4274C69A-BEAF-4B2E-ACAA-1F58447B7783}.Debug|Any CPU.ActiveCfg = Debug|Any CPU
		{4274C69A-BEAF-4B2E-ACAA-1F58447B7783}.Debug|Any CPU.Build.0 = Debug|Any CPU
		{4274C69A-BEAF-4B2E-ACAA-1F58447B7783}.Release|Any CPU.ActiveCfg = Release|Any CPU
		{4274C69A-BEAF-4B2E-ACAA-1F58447B7783}.Release|Any CPU.Build.0 = Release|Any CPU
		{18875B54-D606-48B2-AB7E-4C719776B41D}.Debug|Any CPU.ActiveCfg = Debug|Any CPU
		{18875B54-D606-48B2-AB7E-4C719776B41D}.Debug|Any CPU.Build.0 = Debug|Any CPU
		{18875B54-D606-48B2-AB7E-4C719776B41D}.Release|Any CPU.ActiveCfg = Release|Any CPU
		{18875B54-D606-48B2-AB7E-4C719776B41D}.Release|Any CPU.Build.0 = Release|Any CPU
		{E88B9166-4C17-462D-B6DD-F0ED2412FF5C}.Debug|Any CPU.ActiveCfg = Debug|Any CPU
		{E88B9166-4C17-462D-B6DD-F0ED2412FF5C}.Debug|Any CPU.Build.0 = Debug|Any CPU
		{E88B9166-4C17-462D-B6DD-F0ED2412FF5C}.Release|Any CPU.ActiveCfg = Release|Any CPU
		{E88B9166-4C17-462D-B6DD-F0ED2412FF5C}.Release|Any CPU.Build.0 = Release|Any CPU
	EndGlobalSection
	GlobalSection(SolutionProperties) = preSolution
		HideSolutionNode = FALSE
	EndGlobalSection
	GlobalSection(ExtensibilityGlobals) = postSolution
		SolutionGuid = {145A0218-568A-41B9-9D88-59E9B8E9CBA3}
	EndGlobalSection
EndGlobal
