
Microsoft Visual Studio Solution File, Format Version 12.00
# Visual Studio Version 17
VisualStudioVersion = 17.7.34031.279
MinimumVisualStudioVersion = 10.0.40219.1
Project("{9A19103F-16F7-4668-BE54-9A1E7A4F7556}") = "01.RandomizeWords", "01.RandomizeWords\01.RandomizeWords.csproj", "{997380B1-BD4E-4554-B8A9-808721FE9F2D}"
EndProject
Project("{9A19103F-16F7-4668-BE54-9A1E7A4F7556}") = "02.BigFactorial", "02.BigFactorial\02.BigFactorial.csproj", "{FCBBD201-8505-44A3-BBBE-3BB82A8FC76A}"
EndProject
Project("{9A19103F-16F7-4668-BE54-9A1E7A4F7556}") = "03.Songs", "03.Songs\03.Songs.csproj", "{B5015C56-B487-42A4-956B-C23447D253DF}"
EndProject
Project("{9A19103F-16F7-4668-BE54-9A1E7A4F7556}") = "04.Students", "04.Students\04.Students.csproj", "{DAAEB8A0-3B67-49A4-BE67-E488D0277ABD}"
EndProject
Project("{FAE04EC0-301F-11D3-BF4B-00C04F79EFBC}") = "05.Students2", "05.Students2.0\05.Students2.csproj", "{8A15D09F-2782-4F02-A288-6FBBB868575A}"
EndProject
Project("{FAE04EC0-301F-11D3-BF4B-00C04F79EFBC}") = "06.StoreBoxes", "06.StoreBoxes\06.StoreBoxes.csproj", "{C4F79DDF-35B2-477A-B837-A19F1DE2E2CE}"
EndProject
Project("{FAE04EC0-301F-11D3-BF4B-00C04F79EFBC}") = "07.VehicleCatalogue", "07.VehicleCatalogue\07.VehicleCatalogue.csproj", "{2C33EF8B-C5E2-4255-98EA-653A8B351252}"
EndProject
Global
	GlobalSection(SolutionConfigurationPlatforms) = preSolution
		Debug|Any CPU = Debug|Any CPU
		Release|Any CPU = Release|Any CPU
	EndGlobalSection
	GlobalSection(ProjectConfigurationPlatforms) = postSolution
		{997380B1-BD4E-4554-B8A9-808721FE9F2D}.Debug|Any CPU.ActiveCfg = Debug|Any CPU
		{997380B1-BD4E-4554-B8A9-808721FE9F2D}.Debug|Any CPU.Build.0 = Debug|Any CPU
		{997380B1-BD4E-4554-B8A9-808721FE9F2D}.Release|Any CPU.ActiveCfg = Release|Any CPU
		{997380B1-BD4E-4554-B8A9-808721FE9F2D}.Release|Any CPU.Build.0 = Release|Any CPU
		{FCBBD201-8505-44A3-BBBE-3BB82A8FC76A}.Debug|Any CPU.ActiveCfg = Debug|Any CPU
		{FCBBD201-8505-44A3-BBBE-3BB82A8FC76A}.Debug|Any CPU.Build.0 = Debug|Any CPU
		{FCBBD201-8505-44A3-BBBE-3BB82A8FC76A}.Release|Any CPU.ActiveCfg = Release|Any CPU
		{FCBBD201-8505-44A3-BBBE-3BB82A8FC76A}.Release|Any CPU.Build.0 = Release|Any CPU
		{B5015C56-B487-42A4-956B-C23447D253DF}.Debug|Any CPU.ActiveCfg = Debug|Any CPU
		{B5015C56-B487-42A4-956B-C23447D253DF}.Debug|Any CPU.Build.0 = Debug|Any CPU
		{B5015C56-B487-42A4-956B-C23447D253DF}.Release|Any CPU.ActiveCfg = Release|Any CPU
		{B5015C56-B487-42A4-956B-C23447D253DF}.Release|Any CPU.Build.0 = Release|Any CPU
		{DAAEB8A0-3B67-49A4-BE67-E488D0277ABD}.Debug|Any CPU.ActiveCfg = Debug|Any CPU
		{DAAEB8A0-3B67-49A4-BE67-E488D0277ABD}.Debug|Any CPU.Build.0 = Debug|Any CPU
		{DAAEB8A0-3B67-49A4-BE67-E488D0277ABD}.Release|Any CPU.ActiveCfg = Release|Any CPU
		{DAAEB8A0-3B67-49A4-BE67-E488D0277ABD}.Release|Any CPU.Build.0 = Release|Any CPU
		{8A15D09F-2782-4F02-A288-6FBBB868575A}.Debug|Any CPU.ActiveCfg = Debug|Any CPU
		{8A15D09F-2782-4F02-A288-6FBBB868575A}.Debug|Any CPU.Build.0 = Debug|Any CPU
		{8A15D09F-2782-4F02-A288-6FBBB868575A}.Release|Any CPU.ActiveCfg = Release|Any CPU
		{8A15D09F-2782-4F02-A288-6FBBB868575A}.Release|Any CPU.Build.0 = Release|Any CPU
		{C4F79DDF-35B2-477A-B837-A19F1DE2E2CE}.Debug|Any CPU.ActiveCfg = Debug|Any CPU
		{C4F79DDF-35B2-477A-B837-A19F1DE2E2CE}.Debug|Any CPU.Build.0 = Debug|Any CPU
		{C4F79DDF-35B2-477A-B837-A19F1DE2E2CE}.Release|Any CPU.ActiveCfg = Release|Any CPU
		{C4F79DDF-35B2-477A-B837-A19F1DE2E2CE}.Release|Any CPU.Build.0 = Release|Any CPU
		{2C33EF8B-C5E2-4255-98EA-653A8B351252}.Debug|Any CPU.ActiveCfg = Debug|Any CPU
		{2C33EF8B-C5E2-4255-98EA-653A8B351252}.Debug|Any CPU.Build.0 = Debug|Any CPU
		{2C33EF8B-C5E2-4255-98EA-653A8B351252}.Release|Any CPU.ActiveCfg = Release|Any CPU
		{2C33EF8B-C5E2-4255-98EA-653A8B351252}.Release|Any CPU.Build.0 = Release|Any CPU
	EndGlobalSection
	GlobalSection(SolutionProperties) = preSolution
		HideSolutionNode = FALSE
	EndGlobalSection
	GlobalSection(ExtensibilityGlobals) = postSolution
		SolutionGuid = {EAEC5DA4-533C-44F2-87F7-C717D2527D40}
	EndGlobalSection
EndGlobal
