
Microsoft Visual Studio Solution File, Format Version 12.00
# Visual Studio Version 17
VisualStudioVersion = 17.8.34408.163
MinimumVisualStudioVersion = 10.0.40219.1
Project("{FAE04EC0-301F-11D3-BF4B-00C04F79EFBC}") = "01.CountSameValuesInArray", "01.CountSameValuesInArray\01.CountSameValuesInArray.csproj", "{8AD3B7A9-1714-4192-8241-67D7712F4285}"
EndProject
Project("{FAE04EC0-301F-11D3-BF4B-00C04F79EFBC}") = "03.Largest3Numbers", "03.Largest3Numbers\03.Largest3Numbers.csproj", "{D6AD2418-322D-4DE6-9769-DF2A4E2ADAE8}"
EndProject
Project("{FAE04EC0-301F-11D3-BF4B-00C04F79EFBC}") = "02.AverageStudentGrades", "02.AverageStudentGrades\02.AverageStudentGrades.csproj", "{F693D20E-E303-4486-9CE1-DB3B58DC86E8}"
EndProject
Project("{FAE04EC0-301F-11D3-BF4B-00C04F79EFBC}") = "04.ProductShop", "04.ProductShop\04.ProductShop.csproj", "{8614B527-0861-4F2B-84F8-635C954FC1F2}"
EndProject
Global
	GlobalSection(SolutionConfigurationPlatforms) = preSolution
		Debug|Any CPU = Debug|Any CPU
		Release|Any CPU = Release|Any CPU
	EndGlobalSection
	GlobalSection(ProjectConfigurationPlatforms) = postSolution
		{8AD3B7A9-1714-4192-8241-67D7712F4285}.Debug|Any CPU.ActiveCfg = Debug|Any CPU
		{8AD3B7A9-1714-4192-8241-67D7712F4285}.Debug|Any CPU.Build.0 = Debug|Any CPU
		{8AD3B7A9-1714-4192-8241-67D7712F4285}.Release|Any CPU.ActiveCfg = Release|Any CPU
		{8AD3B7A9-1714-4192-8241-67D7712F4285}.Release|Any CPU.Build.0 = Release|Any CPU
		{D6AD2418-322D-4DE6-9769-DF2A4E2ADAE8}.Debug|Any CPU.ActiveCfg = Debug|Any CPU
		{D6AD2418-322D-4DE6-9769-DF2A4E2ADAE8}.Debug|Any CPU.Build.0 = Debug|Any CPU
		{D6AD2418-322D-4DE6-9769-DF2A4E2ADAE8}.Release|Any CPU.ActiveCfg = Release|Any CPU
		{D6AD2418-322D-4DE6-9769-DF2A4E2ADAE8}.Release|Any CPU.Build.0 = Release|Any CPU
		{F693D20E-E303-4486-9CE1-DB3B58DC86E8}.Debug|Any CPU.ActiveCfg = Debug|Any CPU
		{F693D20E-E303-4486-9CE1-DB3B58DC86E8}.Debug|Any CPU.Build.0 = Debug|Any CPU
		{F693D20E-E303-4486-9CE1-DB3B58DC86E8}.Release|Any CPU.ActiveCfg = Release|Any CPU
		{F693D20E-E303-4486-9CE1-DB3B58DC86E8}.Release|Any CPU.Build.0 = Release|Any CPU
		{8614B527-0861-4F2B-84F8-635C954FC1F2}.Debug|Any CPU.ActiveCfg = Debug|Any CPU
		{8614B527-0861-4F2B-84F8-635C954FC1F2}.Debug|Any CPU.Build.0 = Debug|Any CPU
		{8614B527-0861-4F2B-84F8-635C954FC1F2}.Release|Any CPU.ActiveCfg = Release|Any CPU
		{8614B527-0861-4F2B-84F8-635C954FC1F2}.Release|Any CPU.Build.0 = Release|Any CPU
	EndGlobalSection
	GlobalSection(SolutionProperties) = preSolution
		HideSolutionNode = FALSE
	EndGlobalSection
	GlobalSection(ExtensibilityGlobals) = postSolution
		SolutionGuid = {623489FB-0A53-4533-AF9A-442F6521577E}
	EndGlobalSection
EndGlobal
