
Microsoft Visual Studio Solution File, Format Version 12.00
# Visual Studio Version 17
VisualStudioVersion = 17.8.34601.278
MinimumVisualStudioVersion = 10.0.40219.1
Project("{FAE04EC0-301F-11D3-BF4B-00C04F79EFBC}") = "01.SingleInheritance", "01.SingleInheritance\01.SingleInheritance.csproj", "{06A317B3-0E13-4248-B4CA-2B70C09BC343}"
EndProject
Global
	GlobalSection(SolutionConfigurationPlatforms) = preSolution
		Debug|Any CPU = Debug|Any CPU
		Release|Any CPU = Release|Any CPU
	EndGlobalSection
	GlobalSection(ProjectConfigurationPlatforms) = postSolution
		{06A317B3-0E13-4248-B4CA-2B70C09BC343}.Debug|Any CPU.ActiveCfg = Debug|Any CPU
		{06A317B3-0E13-4248-B4CA-2B70C09BC343}.Debug|Any CPU.Build.0 = Debug|Any CPU
		{06A317B3-0E13-4248-B4CA-2B70C09BC343}.Release|Any CPU.ActiveCfg = Release|Any CPU
		{06A317B3-0E13-4248-B4CA-2B70C09BC343}.Release|Any CPU.Build.0 = Release|Any CPU
	EndGlobalSection
	GlobalSection(SolutionProperties) = preSolution
		HideSolutionNode = FALSE
	EndGlobalSection
	GlobalSection(ExtensibilityGlobals) = postSolution
		SolutionGuid = {0D4C064A-D110-4DB8-9888-6D87F29BBD8E}
	EndGlobalSection
EndGlobal
