
Microsoft Visual Studio Solution File, Format Version 12.00
# Visual Studio Version 17
VisualStudioVersion = 17.8.34601.278
MinimumVisualStudioVersion = 10.0.40219.1
Project("{9A19103F-16F7-4668-BE54-9A1E7A4F7556}") = "01.SingleInheritance", "01.SingleInheritance\01.SingleInheritance.csproj", "{06A317B3-0E13-4248-B4CA-2B70C09BC343}"
EndProject
Project("{FAE04EC0-301F-11D3-BF4B-00C04F79EFBC}") = "02.MultipleInheritance", "02.MultipleInheritance\02.MultipleInheritance.csproj", "{5456A526-E462-40BB-9032-FE68399238A5}"
EndProject
Project("{FAE04EC0-301F-11D3-BF4B-00C04F79EFBC}") = "03.HierarchialInheritance", "03.HierarchialInheritance\03.HierarchialInheritance.csproj", "{89E61D9F-24A6-442A-B73A-74F26FB90057}"
EndProject
Project("{FAE04EC0-301F-11D3-BF4B-00C04F79EFBC}") = "05.StackOfStrings", "05.StackOfStrings\05.StackOfStrings.csproj", "{BDFA7DDF-2ECF-4932-B92B-74EC0EFF3DEF}"
EndProject
Project("{FAE04EC0-301F-11D3-BF4B-00C04F79EFBC}") = "04.RandomList", "04.RandomList\04.RandomList.csproj", "{4A1936D3-6682-4294-8F04-D57A743BD82C}"
EndProject
Global
	GlobalSection(SolutionConfigurationPlatforms) = preSolution
		Debug|Any CPU = Debug|Any CPU
		Release|Any CPU = Release|Any CPU
	EndGlobalSection
	GlobalSection(ProjectConfigurationPlatforms) = postSolution
		{06A317B3-0E13-4248-B4CA-2B70C09BC343}.Debug|Any CPU.ActiveCfg = Debug|Any CPU
		{06A317B3-0E13-4248-B4CA-2B70C09BC343}.Debug|Any CPU.Build.0 = Debug|Any CPU
		{06A317B3-0E13-4248-B4CA-2B70C09BC343}.Release|Any CPU.ActiveCfg = Release|Any CPU
		{06A317B3-0E13-4248-B4CA-2B70C09BC343}.Release|Any CPU.Build.0 = Release|Any CPU
		{5456A526-E462-40BB-9032-FE68399238A5}.Debug|Any CPU.ActiveCfg = Debug|Any CPU
		{5456A526-E462-40BB-9032-FE68399238A5}.Debug|Any CPU.Build.0 = Debug|Any CPU
		{5456A526-E462-40BB-9032-FE68399238A5}.Release|Any CPU.ActiveCfg = Release|Any CPU
		{5456A526-E462-40BB-9032-FE68399238A5}.Release|Any CPU.Build.0 = Release|Any CPU
		{89E61D9F-24A6-442A-B73A-74F26FB90057}.Debug|Any CPU.ActiveCfg = Debug|Any CPU
		{89E61D9F-24A6-442A-B73A-74F26FB90057}.Debug|Any CPU.Build.0 = Debug|Any CPU
		{89E61D9F-24A6-442A-B73A-74F26FB90057}.Release|Any CPU.ActiveCfg = Release|Any CPU
		{89E61D9F-24A6-442A-B73A-74F26FB90057}.Release|Any CPU.Build.0 = Release|Any CPU
		{BDFA7DDF-2ECF-4932-B92B-74EC0EFF3DEF}.Debug|Any CPU.ActiveCfg = Debug|Any CPU
		{BDFA7DDF-2ECF-4932-B92B-74EC0EFF3DEF}.Debug|Any CPU.Build.0 = Debug|Any CPU
		{BDFA7DDF-2ECF-4932-B92B-74EC0EFF3DEF}.Release|Any CPU.ActiveCfg = Release|Any CPU
		{BDFA7DDF-2ECF-4932-B92B-74EC0EFF3DEF}.Release|Any CPU.Build.0 = Release|Any CPU
		{4A1936D3-6682-4294-8F04-D57A743BD82C}.Debug|Any CPU.ActiveCfg = Debug|Any CPU
		{4A1936D3-6682-4294-8F04-D57A743BD82C}.Debug|Any CPU.Build.0 = Debug|Any CPU
		{4A1936D3-6682-4294-8F04-D57A743BD82C}.Release|Any CPU.ActiveCfg = Release|Any CPU
		{4A1936D3-6682-4294-8F04-D57A743BD82C}.Release|Any CPU.Build.0 = Release|Any CPU
	EndGlobalSection
	GlobalSection(SolutionProperties) = preSolution
		HideSolutionNode = FALSE
	EndGlobalSection
	GlobalSection(ExtensibilityGlobals) = postSolution
		SolutionGuid = {0D4C064A-D110-4DB8-9888-6D87F29BBD8E}
	EndGlobalSection
EndGlobal
